
Microsoft Visual Studio Solution File, Format Version 12.00
# Visual Studio Version 17
VisualStudioVersion = 17.7.34018.315
MinimumVisualStudioVersion = 10.0.40219.1
Project("{FAE04EC0-301F-11D3-BF4B-00C04F79EFBC}") = "DemoEFWindows", "DemoEFWindows\DemoEFWindows.csproj", "{C9F870F3-25CD-4987-B860-90AE8CC0425D}"
EndProject
Project("{FAE04EC0-301F-11D3-BF4B-00C04F79EFBC}") = "DemoEscuelaEF", "DemoEscuelaEF\DemoEscuelaEF.csproj", "{D2EE94AC-1584-41CD-8584-2E0DDCC6D2A0}"
EndProject
Global
	GlobalSection(SolutionConfigurationPlatforms) = preSolution
		Debug|Any CPU = Debug|Any CPU
		Release|Any CPU = Release|Any CPU
	EndGlobalSection
	GlobalSection(ProjectConfigurationPlatforms) = postSolution
		{C9F870F3-25CD-4987-B860-90AE8CC0425D}.Debug|Any CPU.ActiveCfg = Debug|Any CPU
		{C9F870F3-25CD-4987-B860-90AE8CC0425D}.Debug|Any CPU.Build.0 = Debug|Any CPU
		{C9F870F3-25CD-4987-B860-90AE8CC0425D}.Release|Any CPU.ActiveCfg = Release|Any CPU
		{C9F870F3-25CD-4987-B860-90AE8CC0425D}.Release|Any CPU.Build.0 = Release|Any CPU
		{D2EE94AC-1584-41CD-8584-2E0DDCC6D2A0}.Debug|Any CPU.ActiveCfg = Debug|Any CPU
		{D2EE94AC-1584-41CD-8584-2E0DDCC6D2A0}.Debug|Any CPU.Build.0 = Debug|Any CPU
		{D2EE94AC-1584-41CD-8584-2E0DDCC6D2A0}.Release|Any CPU.ActiveCfg = Release|Any CPU
		{D2EE94AC-1584-41CD-8584-2E0DDCC6D2A0}.Release|Any CPU.Build.0 = Release|Any CPU
	EndGlobalSection
	GlobalSection(SolutionProperties) = preSolution
		HideSolutionNode = FALSE
	EndGlobalSection
	GlobalSection(ExtensibilityGlobals) = postSolution
		SolutionGuid = {05777AA4-1D21-4162-9991-F6E29CD8D085}
	EndGlobalSection
EndGlobal
